// !$*UTF8*$!
{
	archiveVersion = 1;
	classes = {
	};
	objectVersion = 51;
	objects = {

/* Begin PBXBuildFile section */
		1349A4A6251109B800C9CDA9 /* User.swift in Sources */ = {isa = PBXBuildFile; fileRef = 1349A4A5251109B800C9CDA9 /* User.swift */; };
		135B75F92511FA1F00D9E836 /* UserList.storyboard in Resources */ = {isa = PBXBuildFile; fileRef = 135B75F82511FA1F00D9E836 /* UserList.storyboard */; };
		135B75FB2511FEF000D9E836 /* UserListViewController.swift in Sources */ = {isa = PBXBuildFile; fileRef = 135B75FA2511FEF000D9E836 /* UserListViewController.swift */; };
		135B75FD25124EB400D9E836 /* ChatRoom.swift in Sources */ = {isa = PBXBuildFile; fileRef = 135B75FC25124EB400D9E836 /* ChatRoom.swift */; };
		135B75FF2512745400D9E836 /* Message.swift in Sources */ = {isa = PBXBuildFile; fileRef = 135B75FE2512745400D9E836 /* Message.swift */; };
		135B76032512958600D9E836 /* Quizanswer.storyboard in Resources */ = {isa = PBXBuildFile; fileRef = 135B76022512958600D9E836 /* Quizanswer.storyboard */; };
		135B76052512959300D9E836 /* QuizanswerViewController.swift in Sources */ = {isa = PBXBuildFile; fileRef = 135B76042512959300D9E836 /* QuizanswerViewController.swift */; };
		135B7607251295A000D9E836 /* QuizRegister.storyboard in Resources */ = {isa = PBXBuildFile; fileRef = 135B7606251295A000D9E836 /* QuizRegister.storyboard */; };
		135B7609251295AA00D9E836 /* QuizRegisterViewController.swift in Sources */ = {isa = PBXBuildFile; fileRef = 135B7608251295AA00D9E836 /* QuizRegisterViewController.swift */; };
		135B760B2512A36700D9E836 /* QuizMenu.storyboard in Resources */ = {isa = PBXBuildFile; fileRef = 135B760A2512A36700D9E836 /* QuizMenu.storyboard */; };
		135B760D2512A4C100D9E836 /* QuizMenuViewController.swift in Sources */ = {isa = PBXBuildFile; fileRef = 135B760C2512A4C100D9E836 /* QuizMenuViewController.swift */; };
		13CEAABC250E565100E996DD /* AppDelegate.swift in Sources */ = {isa = PBXBuildFile; fileRef = 13CEAABB250E565100E996DD /* AppDelegate.swift */; };
		13CEAABE250E565100E996DD /* SceneDelegate.swift in Sources */ = {isa = PBXBuildFile; fileRef = 13CEAABD250E565100E996DD /* SceneDelegate.swift */; };
		13CEAAC5250E565200E996DD /* Assets.xcassets in Resources */ = {isa = PBXBuildFile; fileRef = 13CEAAC4250E565200E996DD /* Assets.xcassets */; };
		13CEAAC8250E565200E996DD /* LaunchScreen.storyboard in Resources */ = {isa = PBXBuildFile; fileRef = 13CEAAC6250E565200E996DD /* LaunchScreen.storyboard */; };
		13CEAAD3250E565200E996DD /* ChatAppWithFirebaseTests.swift in Sources */ = {isa = PBXBuildFile; fileRef = 13CEAAD2250E565200E996DD /* ChatAppWithFirebaseTests.swift */; };
		13CEAADE250E565200E996DD /* ChatAppWithFirebaseUITests.swift in Sources */ = {isa = PBXBuildFile; fileRef = 13CEAADD250E565200E996DD /* ChatAppWithFirebaseUITests.swift */; };
		13CEAAEC250E56B900E996DD /* ChatList.storyboard in Resources */ = {isa = PBXBuildFile; fileRef = 13CEAAEB250E56B900E996DD /* ChatList.storyboard */; };
		13CEAAEE250E586C00E996DD /* ChatListViewController.swift in Sources */ = {isa = PBXBuildFile; fileRef = 13CEAAED250E586C00E996DD /* ChatListViewController.swift */; };
		13CEAAF2250E7FE500E996DD /* UIColor-Extension.swift in Sources */ = {isa = PBXBuildFile; fileRef = 13CEAAF1250E7FE500E996DD /* UIColor-Extension.swift */; };
		13CEAAF6250E838E00E996DD /* ChatRoom.storyboard in Resources */ = {isa = PBXBuildFile; fileRef = 13CEAAF5250E838E00E996DD /* ChatRoom.storyboard */; };
		13CEAAF8250E842E00E996DD /* ChatRoomViewController.swift in Sources */ = {isa = PBXBuildFile; fileRef = 13CEAAF7250E842E00E996DD /* ChatRoomViewController.swift */; };
		13CEAAFA250EF62C00E996DD /* ChatRoomTableViewCell.xib in Resources */ = {isa = PBXBuildFile; fileRef = 13CEAAF9250EF62C00E996DD /* ChatRoomTableViewCell.xib */; };
		13CEAAFC250EF80400E996DD /* ChatRoomTableViewCell.swift in Sources */ = {isa = PBXBuildFile; fileRef = 13CEAAFB250EF80400E996DD /* ChatRoomTableViewCell.swift */; };
		13CEAB02250F255A00E996DD /* ChatInputAccessoryView.xib in Resources */ = {isa = PBXBuildFile; fileRef = 13CEAB01250F255A00E996DD /* ChatInputAccessoryView.xib */; };
		13CEAB04250F28D600E996DD /* ChatInputAccessoryView.swift in Sources */ = {isa = PBXBuildFile; fileRef = 13CEAB03250F28D600E996DD /* ChatInputAccessoryView.swift */; };
		13CEAB06250F9FB800E996DD /* GoogleService-Info.plist in Resources */ = {isa = PBXBuildFile; fileRef = 13CEAB05250F9FB800E996DD /* GoogleService-Info.plist */; };
		13CEAB08250FA53800E996DD /* SignUp.storyboard in Resources */ = {isa = PBXBuildFile; fileRef = 13CEAB07250FA53800E996DD /* SignUp.storyboard */; };
		13CEAB0A250FA96A00E996DD /* SignUpViewController.swift in Sources */ = {isa = PBXBuildFile; fileRef = 13CEAB09250FA96A00E996DD /* SignUpViewController.swift */; };
		55AB54CB4356EDD5D7ABA586 /* Pods_ChatAppWithFirebaseTests.framework in Frameworks */ = {isa = PBXBuildFile; fileRef = B69A8EF3F7D89E7454150423 /* Pods_ChatAppWithFirebaseTests.framework */; };
		750121D04E6EE07A98ED6288 /* Pods_ChatAppWithFirebase.framework in Frameworks */ = {isa = PBXBuildFile; fileRef = EE1E460FD3996B94792AAEDC /* Pods_ChatAppWithFirebase.framework */; };
		D2A172771007419BA4B9A24D /* Pods_ChatAppWithFirebase_ChatAppWithFirebaseUITests.framework in Frameworks */ = {isa = PBXBuildFile; fileRef = 5F2CFA359BBB667C41EF1B97 /* Pods_ChatAppWithFirebase_ChatAppWithFirebaseUITests.framework */; };
/* End PBXBuildFile section */

/* Begin PBXContainerItemProxy section */
		13CEAACF250E565200E996DD /* PBXContainerItemProxy */ = {
			isa = PBXContainerItemProxy;
			containerPortal = 13CEAAB0250E565100E996DD /* Project object */;
			proxyType = 1;
			remoteGlobalIDString = 13CEAAB7250E565100E996DD;
			remoteInfo = ChatAppWithFirebase;
		};
		13CEAADA250E565200E996DD /* PBXContainerItemProxy */ = {
			isa = PBXContainerItemProxy;
			containerPortal = 13CEAAB0250E565100E996DD /* Project object */;
			proxyType = 1;
			remoteGlobalIDString = 13CEAAB7250E565100E996DD;
			remoteInfo = ChatAppWithFirebase;
		};
/* End PBXContainerItemProxy section */

/* Begin PBXFileReference section */
		0037723510116074F07102A0 /* Pods-ChatAppWithFirebase-ChatAppWithFirebaseUITests.release.xcconfig */ = {isa = PBXFileReference; includeInIndex = 1; lastKnownFileType = text.xcconfig; name = "Pods-ChatAppWithFirebase-ChatAppWithFirebaseUITests.release.xcconfig"; path = "Target Support Files/Pods-ChatAppWithFirebase-ChatAppWithFirebaseUITests/Pods-ChatAppWithFirebase-ChatAppWithFirebaseUITests.release.xcconfig"; sourceTree = "<group>"; };
		1349A4A5251109B800C9CDA9 /* User.swift */ = {isa = PBXFileReference; lastKnownFileType = sourcecode.swift; path = User.swift; sourceTree = "<group>"; };
		135B75F82511FA1F00D9E836 /* UserList.storyboard */ = {isa = PBXFileReference; lastKnownFileType = file.storyboard; path = UserList.storyboard; sourceTree = "<group>"; };
		135B75FA2511FEF000D9E836 /* UserListViewController.swift */ = {isa = PBXFileReference; lastKnownFileType = sourcecode.swift; path = UserListViewController.swift; sourceTree = "<group>"; };
		135B75FC25124EB400D9E836 /* ChatRoom.swift */ = {isa = PBXFileReference; lastKnownFileType = sourcecode.swift; path = ChatRoom.swift; sourceTree = "<group>"; };
		135B75FE2512745400D9E836 /* Message.swift */ = {isa = PBXFileReference; lastKnownFileType = sourcecode.swift; path = Message.swift; sourceTree = "<group>"; };
		135B76022512958600D9E836 /* Quizanswer.storyboard */ = {isa = PBXFileReference; fileEncoding = 4; lastKnownFileType = file.storyboard; path = Quizanswer.storyboard; sourceTree = "<group>"; };
		135B76042512959300D9E836 /* QuizanswerViewController.swift */ = {isa = PBXFileReference; fileEncoding = 4; lastKnownFileType = sourcecode.swift; path = QuizanswerViewController.swift; sourceTree = "<group>"; };
		135B7606251295A000D9E836 /* QuizRegister.storyboard */ = {isa = PBXFileReference; fileEncoding = 4; lastKnownFileType = file.storyboard; path = QuizRegister.storyboard; sourceTree = "<group>"; };
		135B7608251295AA00D9E836 /* QuizRegisterViewController.swift */ = {isa = PBXFileReference; fileEncoding = 4; lastKnownFileType = sourcecode.swift; path = QuizRegisterViewController.swift; sourceTree = "<group>"; };
		135B760A2512A36700D9E836 /* QuizMenu.storyboard */ = {isa = PBXFileReference; lastKnownFileType = file.storyboard; path = QuizMenu.storyboard; sourceTree = "<group>"; };
		135B760C2512A4C100D9E836 /* QuizMenuViewController.swift */ = {isa = PBXFileReference; lastKnownFileType = sourcecode.swift; path = QuizMenuViewController.swift; sourceTree = "<group>"; };
		13CEAAB8250E565100E996DD /* ChatAppWithFirebase.app */ = {isa = PBXFileReference; explicitFileType = wrapper.application; includeInIndex = 0; path = ChatAppWithFirebase.app; sourceTree = BUILT_PRODUCTS_DIR; };
		13CEAABB250E565100E996DD /* AppDelegate.swift */ = {isa = PBXFileReference; lastKnownFileType = sourcecode.swift; path = AppDelegate.swift; sourceTree = "<group>"; };
		13CEAABD250E565100E996DD /* SceneDelegate.swift */ = {isa = PBXFileReference; lastKnownFileType = sourcecode.swift; path = SceneDelegate.swift; sourceTree = "<group>"; };
		13CEAAC4250E565200E996DD /* Assets.xcassets */ = {isa = PBXFileReference; lastKnownFileType = folder.assetcatalog; path = Assets.xcassets; sourceTree = "<group>"; };
		13CEAAC7250E565200E996DD /* Base */ = {isa = PBXFileReference; lastKnownFileType = file.storyboard; name = Base; path = Base.lproj/LaunchScreen.storyboard; sourceTree = "<group>"; };
		13CEAAC9250E565200E996DD /* Info.plist */ = {isa = PBXFileReference; lastKnownFileType = text.plist.xml; path = Info.plist; sourceTree = "<group>"; };
		13CEAACE250E565200E996DD /* ChatAppWithFirebaseTests.xctest */ = {isa = PBXFileReference; explicitFileType = wrapper.cfbundle; includeInIndex = 0; path = ChatAppWithFirebaseTests.xctest; sourceTree = BUILT_PRODUCTS_DIR; };
		13CEAAD2250E565200E996DD /* ChatAppWithFirebaseTests.swift */ = {isa = PBXFileReference; lastKnownFileType = sourcecode.swift; path = ChatAppWithFirebaseTests.swift; sourceTree = "<group>"; };
		13CEAAD4250E565200E996DD /* Info.plist */ = {isa = PBXFileReference; lastKnownFileType = text.plist.xml; path = Info.plist; sourceTree = "<group>"; };
		13CEAAD9250E565200E996DD /* ChatAppWithFirebaseUITests.xctest */ = {isa = PBXFileReference; explicitFileType = wrapper.cfbundle; includeInIndex = 0; path = ChatAppWithFirebaseUITests.xctest; sourceTree = BUILT_PRODUCTS_DIR; };
		13CEAADD250E565200E996DD /* ChatAppWithFirebaseUITests.swift */ = {isa = PBXFileReference; lastKnownFileType = sourcecode.swift; path = ChatAppWithFirebaseUITests.swift; sourceTree = "<group>"; };
		13CEAADF250E565200E996DD /* Info.plist */ = {isa = PBXFileReference; lastKnownFileType = text.plist.xml; path = Info.plist; sourceTree = "<group>"; };
		13CEAAEB250E56B900E996DD /* ChatList.storyboard */ = {isa = PBXFileReference; lastKnownFileType = file.storyboard; path = ChatList.storyboard; sourceTree = "<group>"; };
		13CEAAED250E586C00E996DD /* ChatListViewController.swift */ = {isa = PBXFileReference; lastKnownFileType = sourcecode.swift; path = ChatListViewController.swift; sourceTree = "<group>"; };
		13CEAAF1250E7FE500E996DD /* UIColor-Extension.swift */ = {isa = PBXFileReference; lastKnownFileType = sourcecode.swift; path = "UIColor-Extension.swift"; sourceTree = "<group>"; };
		13CEAAF5250E838E00E996DD /* ChatRoom.storyboard */ = {isa = PBXFileReference; lastKnownFileType = file.storyboard; path = ChatRoom.storyboard; sourceTree = "<group>"; };
		13CEAAF7250E842E00E996DD /* ChatRoomViewController.swift */ = {isa = PBXFileReference; lastKnownFileType = sourcecode.swift; path = ChatRoomViewController.swift; sourceTree = "<group>"; };
		13CEAAF9250EF62C00E996DD /* ChatRoomTableViewCell.xib */ = {isa = PBXFileReference; lastKnownFileType = file.xib; path = ChatRoomTableViewCell.xib; sourceTree = "<group>"; };
		13CEAAFB250EF80400E996DD /* ChatRoomTableViewCell.swift */ = {isa = PBXFileReference; lastKnownFileType = sourcecode.swift; path = ChatRoomTableViewCell.swift; sourceTree = "<group>"; };
		13CEAB01250F255A00E996DD /* ChatInputAccessoryView.xib */ = {isa = PBXFileReference; lastKnownFileType = file.xib; path = ChatInputAccessoryView.xib; sourceTree = "<group>"; };
		13CEAB03250F28D600E996DD /* ChatInputAccessoryView.swift */ = {isa = PBXFileReference; lastKnownFileType = sourcecode.swift; path = ChatInputAccessoryView.swift; sourceTree = "<group>"; };
		13CEAB05250F9FB800E996DD /* GoogleService-Info.plist */ = {isa = PBXFileReference; fileEncoding = 4; lastKnownFileType = text.plist.xml; path = "GoogleService-Info.plist"; sourceTree = "<group>"; };
		13CEAB07250FA53800E996DD /* SignUp.storyboard */ = {isa = PBXFileReference; lastKnownFileType = file.storyboard; path = SignUp.storyboard; sourceTree = "<group>"; };
		13CEAB09250FA96A00E996DD /* SignUpViewController.swift */ = {isa = PBXFileReference; lastKnownFileType = sourcecode.swift; path = SignUpViewController.swift; sourceTree = "<group>"; };
		1F681B1EECF3319EF3768CD7 /* Pods-ChatAppWithFirebaseTests.release.xcconfig */ = {isa = PBXFileReference; includeInIndex = 1; lastKnownFileType = text.xcconfig; name = "Pods-ChatAppWithFirebaseTests.release.xcconfig"; path = "Target Support Files/Pods-ChatAppWithFirebaseTests/Pods-ChatAppWithFirebaseTests.release.xcconfig"; sourceTree = "<group>"; };
		5F2CFA359BBB667C41EF1B97 /* Pods_ChatAppWithFirebase_ChatAppWithFirebaseUITests.framework */ = {isa = PBXFileReference; explicitFileType = wrapper.framework; includeInIndex = 0; path = Pods_ChatAppWithFirebase_ChatAppWithFirebaseUITests.framework; sourceTree = BUILT_PRODUCTS_DIR; };
		6F817B0B461C7C1F174AD9F6 /* Pods-ChatAppWithFirebase.debug.xcconfig */ = {isa = PBXFileReference; includeInIndex = 1; lastKnownFileType = text.xcconfig; name = "Pods-ChatAppWithFirebase.debug.xcconfig"; path = "Target Support Files/Pods-ChatAppWithFirebase/Pods-ChatAppWithFirebase.debug.xcconfig"; sourceTree = "<group>"; };
		A5DB30B9D58FCF8E2E6B30FC /* Pods-ChatAppWithFirebase-ChatAppWithFirebaseUITests.debug.xcconfig */ = {isa = PBXFileReference; includeInIndex = 1; lastKnownFileType = text.xcconfig; name = "Pods-ChatAppWithFirebase-ChatAppWithFirebaseUITests.debug.xcconfig"; path = "Target Support Files/Pods-ChatAppWithFirebase-ChatAppWithFirebaseUITests/Pods-ChatAppWithFirebase-ChatAppWithFirebaseUITests.debug.xcconfig"; sourceTree = "<group>"; };
		B69A8EF3F7D89E7454150423 /* Pods_ChatAppWithFirebaseTests.framework */ = {isa = PBXFileReference; explicitFileType = wrapper.framework; includeInIndex = 0; path = Pods_ChatAppWithFirebaseTests.framework; sourceTree = BUILT_PRODUCTS_DIR; };
		DED1E01336021C7CA9510936 /* Pods-ChatAppWithFirebaseTests.debug.xcconfig */ = {isa = PBXFileReference; includeInIndex = 1; lastKnownFileType = text.xcconfig; name = "Pods-ChatAppWithFirebaseTests.debug.xcconfig"; path = "Target Support Files/Pods-ChatAppWithFirebaseTests/Pods-ChatAppWithFirebaseTests.debug.xcconfig"; sourceTree = "<group>"; };
		EE1E460FD3996B94792AAEDC /* Pods_ChatAppWithFirebase.framework */ = {isa = PBXFileReference; explicitFileType = wrapper.framework; includeInIndex = 0; path = Pods_ChatAppWithFirebase.framework; sourceTree = BUILT_PRODUCTS_DIR; };
		F178BDB5BCE574A30946B4DC /* Pods-ChatAppWithFirebase.release.xcconfig */ = {isa = PBXFileReference; includeInIndex = 1; lastKnownFileType = text.xcconfig; name = "Pods-ChatAppWithFirebase.release.xcconfig"; path = "Target Support Files/Pods-ChatAppWithFirebase/Pods-ChatAppWithFirebase.release.xcconfig"; sourceTree = "<group>"; };
/* End PBXFileReference section */

/* Begin PBXFrameworksBuildPhase section */
		13CEAAB5250E565100E996DD /* Frameworks */ = {
			isa = PBXFrameworksBuildPhase;
			buildActionMask = 2147483647;
			files = (
				750121D04E6EE07A98ED6288 /* Pods_ChatAppWithFirebase.framework in Frameworks */,
			);
			runOnlyForDeploymentPostprocessing = 0;
		};
		13CEAACB250E565200E996DD /* Frameworks */ = {
			isa = PBXFrameworksBuildPhase;
			buildActionMask = 2147483647;
			files = (
				55AB54CB4356EDD5D7ABA586 /* Pods_ChatAppWithFirebaseTests.framework in Frameworks */,
			);
			runOnlyForDeploymentPostprocessing = 0;
		};
		13CEAAD6250E565200E996DD /* Frameworks */ = {
			isa = PBXFrameworksBuildPhase;
			buildActionMask = 2147483647;
			files = (
				D2A172771007419BA4B9A24D /* Pods_ChatAppWithFirebase_ChatAppWithFirebaseUITests.framework in Frameworks */,
			);
			runOnlyForDeploymentPostprocessing = 0;
		};
/* End PBXFrameworksBuildPhase section */

/* Begin PBXGroup section */
		1349A4A42511099900C9CDA9 /* Models */ = {
			isa = PBXGroup;
			children = (
				1349A4A5251109B800C9CDA9 /* User.swift */,
				135B75FC25124EB400D9E836 /* ChatRoom.swift */,
				135B75FE2512745400D9E836 /* Message.swift */,
			);
			path = Models;
			sourceTree = "<group>";
		};
		13CEAAAF250E565100E996DD = {
			isa = PBXGroup;
			children = (
				13CEAABA250E565100E996DD /* ChatAppWithFirebase */,
				13CEAAD1250E565200E996DD /* ChatAppWithFirebaseTests */,
				13CEAADC250E565200E996DD /* ChatAppWithFirebaseUITests */,
				13CEAAB9250E565100E996DD /* Products */,
				6C6A7D72F04CB7F52C7A8083 /* Pods */,
				EAFAE8DB503417A518832CF0 /* Frameworks */,
			);
			sourceTree = "<group>";
		};
		13CEAAB9250E565100E996DD /* Products */ = {
			isa = PBXGroup;
			children = (
				13CEAAB8250E565100E996DD /* ChatAppWithFirebase.app */,
				13CEAACE250E565200E996DD /* ChatAppWithFirebaseTests.xctest */,
				13CEAAD9250E565200E996DD /* ChatAppWithFirebaseUITests.xctest */,
			);
			name = Products;
			sourceTree = "<group>";
		};
		13CEAABA250E565100E996DD /* ChatAppWithFirebase */ = {
			isa = PBXGroup;
			children = (
				1349A4A42511099900C9CDA9 /* Models */,
				13CEAB00250F24FE00E996DD /* Extensions */,
				13CEAAFF250F249C00E996DD /* Views */,
				13CEAAFE250F245200E996DD /* Xibs */,
				13CEAAF0250E7F3200E996DD /* StoryBoards */,
				13CEAAEF250E7EF900E996DD /* Controllers */,
				13CEAABB250E565100E996DD /* AppDelegate.swift */,
				13CEAB05250F9FB800E996DD /* GoogleService-Info.plist */,
				13CEAABD250E565100E996DD /* SceneDelegate.swift */,
				13CEAAC4250E565200E996DD /* Assets.xcassets */,
				13CEAAC6250E565200E996DD /* LaunchScreen.storyboard */,
				13CEAAC9250E565200E996DD /* Info.plist */,
			);
			path = ChatAppWithFirebase;
			sourceTree = "<group>";
		};
		13CEAAD1250E565200E996DD /* ChatAppWithFirebaseTests */ = {
			isa = PBXGroup;
			children = (
				13CEAAD2250E565200E996DD /* ChatAppWithFirebaseTests.swift */,
				13CEAAD4250E565200E996DD /* Info.plist */,
			);
			path = ChatAppWithFirebaseTests;
			sourceTree = "<group>";
		};
		13CEAADC250E565200E996DD /* ChatAppWithFirebaseUITests */ = {
			isa = PBXGroup;
			children = (
				13CEAADD250E565200E996DD /* ChatAppWithFirebaseUITests.swift */,
				13CEAADF250E565200E996DD /* Info.plist */,
			);
			path = ChatAppWithFirebaseUITests;
			sourceTree = "<group>";
		};
		13CEAAEF250E7EF900E996DD /* Controllers */ = {
			isa = PBXGroup;
			children = (
				13CEAAED250E586C00E996DD /* ChatListViewController.swift */,
				13CEAAF7250E842E00E996DD /* ChatRoomViewController.swift */,
				13CEAB09250FA96A00E996DD /* SignUpViewController.swift */,
				135B75FA2511FEF000D9E836 /* UserListViewController.swift */,
				135B76042512959300D9E836 /* QuizanswerViewController.swift */,
				135B7608251295AA00D9E836 /* QuizRegisterViewController.swift */,
				135B760C2512A4C100D9E836 /* QuizMenuViewController.swift */,
			);
			path = Controllers;
			sourceTree = "<group>";
		};
		13CEAAF0250E7F3200E996DD /* StoryBoards */ = {
			isa = PBXGroup;
			children = (
				13CEAAEB250E56B900E996DD /* ChatList.storyboard */,
				13CEAAF5250E838E00E996DD /* ChatRoom.storyboard */,
				13CEAB07250FA53800E996DD /* SignUp.storyboard */,
				135B75F82511FA1F00D9E836 /* UserList.storyboard */,
				135B76022512958600D9E836 /* Quizanswer.storyboard */,
				135B7606251295A000D9E836 /* QuizRegister.storyboard */,
				135B760A2512A36700D9E836 /* QuizMenu.storyboard */,
			);
			path = StoryBoards;
			sourceTree = "<group>";
		};
		13CEAAFE250F245200E996DD /* Xibs */ = {
			isa = PBXGroup;
			children = (
				13CEAAF9250EF62C00E996DD /* ChatRoomTableViewCell.xib */,
				13CEAB01250F255A00E996DD /* ChatInputAccessoryView.xib */,
			);
			path = Xibs;
			sourceTree = "<group>";
		};
		13CEAAFF250F249C00E996DD /* Views */ = {
			isa = PBXGroup;
			children = (
				13CEAAFB250EF80400E996DD /* ChatRoomTableViewCell.swift */,
				13CEAB03250F28D600E996DD /* ChatInputAccessoryView.swift */,
			);
			path = Views;
			sourceTree = "<group>";
		};
		13CEAB00250F24FE00E996DD /* Extensions */ = {
			isa = PBXGroup;
			children = (
				13CEAAF1250E7FE500E996DD /* UIColor-Extension.swift */,
			);
			path = Extensions;
			sourceTree = "<group>";
		};
		6C6A7D72F04CB7F52C7A8083 /* Pods */ = {
			isa = PBXGroup;
			children = (
				6F817B0B461C7C1F174AD9F6 /* Pods-ChatAppWithFirebase.debug.xcconfig */,
				F178BDB5BCE574A30946B4DC /* Pods-ChatAppWithFirebase.release.xcconfig */,
				A5DB30B9D58FCF8E2E6B30FC /* Pods-ChatAppWithFirebase-ChatAppWithFirebaseUITests.debug.xcconfig */,
				0037723510116074F07102A0 /* Pods-ChatAppWithFirebase-ChatAppWithFirebaseUITests.release.xcconfig */,
				DED1E01336021C7CA9510936 /* Pods-ChatAppWithFirebaseTests.debug.xcconfig */,
				1F681B1EECF3319EF3768CD7 /* Pods-ChatAppWithFirebaseTests.release.xcconfig */,
			);
			path = Pods;
			sourceTree = "<group>";
		};
		EAFAE8DB503417A518832CF0 /* Frameworks */ = {
			isa = PBXGroup;
			children = (
				EE1E460FD3996B94792AAEDC /* Pods_ChatAppWithFirebase.framework */,
				5F2CFA359BBB667C41EF1B97 /* Pods_ChatAppWithFirebase_ChatAppWithFirebaseUITests.framework */,
				B69A8EF3F7D89E7454150423 /* Pods_ChatAppWithFirebaseTests.framework */,
			);
			name = Frameworks;
			sourceTree = "<group>";
		};
/* End PBXGroup section */

/* Begin PBXNativeTarget section */
		13CEAAB7250E565100E996DD /* ChatAppWithFirebase */ = {
			isa = PBXNativeTarget;
			buildConfigurationList = 13CEAAE2250E565200E996DD /* Build configuration list for PBXNativeTarget "ChatAppWithFirebase" */;
			buildPhases = (
				1372CC3499ECAE3EC4579C34 /* [CP] Check Pods Manifest.lock */,
				13CEAAB4250E565100E996DD /* Sources */,
				13CEAAB5250E565100E996DD /* Frameworks */,
				13CEAAB6250E565100E996DD /* Resources */,
				A462D939E332D0A9C18A26E8 /* [CP] Embed Pods Frameworks */,
			);
			buildRules = (
			);
			dependencies = (
			);
			name = ChatAppWithFirebase;
			productName = ChatAppWithFirebase;
			productReference = 13CEAAB8250E565100E996DD /* ChatAppWithFirebase.app */;
			productType = "com.apple.product-type.application";
		};
		13CEAACD250E565200E996DD /* ChatAppWithFirebaseTests */ = {
			isa = PBXNativeTarget;
			buildConfigurationList = 13CEAAE5250E565200E996DD /* Build configuration list for PBXNativeTarget "ChatAppWithFirebaseTests" */;
			buildPhases = (
				0C6DF4E01DBA0E45BCE402BD /* [CP] Check Pods Manifest.lock */,
				13CEAACA250E565200E996DD /* Sources */,
				13CEAACB250E565200E996DD /* Frameworks */,
				13CEAACC250E565200E996DD /* Resources */,
			);
			buildRules = (
			);
			dependencies = (
				13CEAAD0250E565200E996DD /* PBXTargetDependency */,
			);
			name = ChatAppWithFirebaseTests;
			productName = ChatAppWithFirebaseTests;
			productReference = 13CEAACE250E565200E996DD /* ChatAppWithFirebaseTests.xctest */;
			productType = "com.apple.product-type.bundle.unit-test";
		};
		13CEAAD8250E565200E996DD /* ChatAppWithFirebaseUITests */ = {
			isa = PBXNativeTarget;
			buildConfigurationList = 13CEAAE8250E565200E996DD /* Build configuration list for PBXNativeTarget "ChatAppWithFirebaseUITests" */;
			buildPhases = (
				465EEE810D8616CACF1B3F93 /* [CP] Check Pods Manifest.lock */,
				13CEAAD5250E565200E996DD /* Sources */,
				13CEAAD6250E565200E996DD /* Frameworks */,
				13CEAAD7250E565200E996DD /* Resources */,
				9C8E3ADEDFF81B0ECF569C29 /* [CP] Embed Pods Frameworks */,
			);
			buildRules = (
			);
			dependencies = (
				13CEAADB250E565200E996DD /* PBXTargetDependency */,
			);
			name = ChatAppWithFirebaseUITests;
			productName = ChatAppWithFirebaseUITests;
			productReference = 13CEAAD9250E565200E996DD /* ChatAppWithFirebaseUITests.xctest */;
			productType = "com.apple.product-type.bundle.ui-testing";
		};
/* End PBXNativeTarget section */

/* Begin PBXProject section */
		13CEAAB0250E565100E996DD /* Project object */ = {
			isa = PBXProject;
			attributes = {
				LastSwiftUpdateCheck = 1170;
				LastUpgradeCheck = 1170;
				ORGANIZATIONNAME = Kotaro;
				TargetAttributes = {
					13CEAAB7250E565100E996DD = {
						CreatedOnToolsVersion = 11.7;
					};
					13CEAACD250E565200E996DD = {
						CreatedOnToolsVersion = 11.7;
						TestTargetID = 13CEAAB7250E565100E996DD;
					};
					13CEAAD8250E565200E996DD = {
						CreatedOnToolsVersion = 11.7;
						TestTargetID = 13CEAAB7250E565100E996DD;
					};
				};
			};
			buildConfigurationList = 13CEAAB3250E565100E996DD /* Build configuration list for PBXProject "ChatAppWithFirebase" */;
			compatibilityVersion = "Xcode 9.3";
			developmentRegion = en;
			hasScannedForEncodings = 0;
			knownRegions = (
				en,
				Base,
			);
			mainGroup = 13CEAAAF250E565100E996DD;
			productRefGroup = 13CEAAB9250E565100E996DD /* Products */;
			projectDirPath = "";
			projectRoot = "";
			targets = (
				13CEAAB7250E565100E996DD /* ChatAppWithFirebase */,
				13CEAACD250E565200E996DD /* ChatAppWithFirebaseTests */,
				13CEAAD8250E565200E996DD /* ChatAppWithFirebaseUITests */,
			);
		};
/* End PBXProject section */

/* Begin PBXResourcesBuildPhase section */
		13CEAAB6250E565100E996DD /* Resources */ = {
			isa = PBXResourcesBuildPhase;
			buildActionMask = 2147483647;
			files = (
				135B75F92511FA1F00D9E836 /* UserList.storyboard in Resources */,
				13CEAAFA250EF62C00E996DD /* ChatRoomTableViewCell.xib in Resources */,
				13CEAAC8250E565200E996DD /* LaunchScreen.storyboard in Resources */,
				13CEAAC5250E565200E996DD /* Assets.xcassets in Resources */,
				135B760B2512A36700D9E836 /* QuizMenu.storyboard in Resources */,
				135B7607251295A000D9E836 /* QuizRegister.storyboard in Resources */,
				13CEAAEC250E56B900E996DD /* ChatList.storyboard in Resources */,
				135B76032512958600D9E836 /* Quizanswer.storyboard in Resources */,
				13CEAB02250F255A00E996DD /* ChatInputAccessoryView.xib in Resources */,
				13CEAAF6250E838E00E996DD /* ChatRoom.storyboard in Resources */,
				13CEAB08250FA53800E996DD /* SignUp.storyboard in Resources */,
				13CEAB06250F9FB800E996DD /* GoogleService-Info.plist in Resources */,
			);
			runOnlyForDeploymentPostprocessing = 0;
		};
		13CEAACC250E565200E996DD /* Resources */ = {
			isa = PBXResourcesBuildPhase;
			buildActionMask = 2147483647;
			files = (
			);
			runOnlyForDeploymentPostprocessing = 0;
		};
		13CEAAD7250E565200E996DD /* Resources */ = {
			isa = PBXResourcesBuildPhase;
			buildActionMask = 2147483647;
			files = (
			);
			runOnlyForDeploymentPostprocessing = 0;
		};
/* End PBXResourcesBuildPhase section */

/* Begin PBXShellScriptBuildPhase section */
		0C6DF4E01DBA0E45BCE402BD /* [CP] Check Pods Manifest.lock */ = {
			isa = PBXShellScriptBuildPhase;
			buildActionMask = 2147483647;
			files = (
			);
			inputFileListPaths = (
			);
			inputPaths = (
				"${PODS_PODFILE_DIR_PATH}/Podfile.lock",
				"${PODS_ROOT}/Manifest.lock",
			);
			name = "[CP] Check Pods Manifest.lock";
			outputFileListPaths = (
			);
			outputPaths = (
				"$(DERIVED_FILE_DIR)/Pods-ChatAppWithFirebaseTests-checkManifestLockResult.txt",
			);
			runOnlyForDeploymentPostprocessing = 0;
			shellPath = /bin/sh;
			shellScript = "diff \"${PODS_PODFILE_DIR_PATH}/Podfile.lock\" \"${PODS_ROOT}/Manifest.lock\" > /dev/null\nif [ $? != 0 ] ; then\n    # print error to STDERR\n    echo \"error: The sandbox is not in sync with the Podfile.lock. Run 'pod install' or update your CocoaPods installation.\" >&2\n    exit 1\nfi\n# This output is used by Xcode 'outputs' to avoid re-running this script phase.\necho \"SUCCESS\" > \"${SCRIPT_OUTPUT_FILE_0}\"\n";
			showEnvVarsInLog = 0;
		};
		1372CC3499ECAE3EC4579C34 /* [CP] Check Pods Manifest.lock */ = {
			isa = PBXShellScriptBuildPhase;
			buildActionMask = 2147483647;
			files = (
			);
			inputFileListPaths = (
			);
			inputPaths = (
				"${PODS_PODFILE_DIR_PATH}/Podfile.lock",
				"${PODS_ROOT}/Manifest.lock",
			);
			name = "[CP] Check Pods Manifest.lock";
			outputFileListPaths = (
			);
			outputPaths = (
				"$(DERIVED_FILE_DIR)/Pods-ChatAppWithFirebase-checkManifestLockResult.txt",
			);
			runOnlyForDeploymentPostprocessing = 0;
			shellPath = /bin/sh;
			shellScript = "diff \"${PODS_PODFILE_DIR_PATH}/Podfile.lock\" \"${PODS_ROOT}/Manifest.lock\" > /dev/null\nif [ $? != 0 ] ; then\n    # print error to STDERR\n    echo \"error: The sandbox is not in sync with the Podfile.lock. Run 'pod install' or update your CocoaPods installation.\" >&2\n    exit 1\nfi\n# This output is used by Xcode 'outputs' to avoid re-running this script phase.\necho \"SUCCESS\" > \"${SCRIPT_OUTPUT_FILE_0}\"\n";
			showEnvVarsInLog = 0;
		};
		465EEE810D8616CACF1B3F93 /* [CP] Check Pods Manifest.lock */ = {
			isa = PBXShellScriptBuildPhase;
			buildActionMask = 2147483647;
			files = (
			);
			inputFileListPaths = (
			);
			inputPaths = (
				"${PODS_PODFILE_DIR_PATH}/Podfile.lock",
				"${PODS_ROOT}/Manifest.lock",
			);
			name = "[CP] Check Pods Manifest.lock";
			outputFileListPaths = (
			);
			outputPaths = (
				"$(DERIVED_FILE_DIR)/Pods-ChatAppWithFirebase-ChatAppWithFirebaseUITests-checkManifestLockResult.txt",
			);
			runOnlyForDeploymentPostprocessing = 0;
			shellPath = /bin/sh;
			shellScript = "diff \"${PODS_PODFILE_DIR_PATH}/Podfile.lock\" \"${PODS_ROOT}/Manifest.lock\" > /dev/null\nif [ $? != 0 ] ; then\n    # print error to STDERR\n    echo \"error: The sandbox is not in sync with the Podfile.lock. Run 'pod install' or update your CocoaPods installation.\" >&2\n    exit 1\nfi\n# This output is used by Xcode 'outputs' to avoid re-running this script phase.\necho \"SUCCESS\" > \"${SCRIPT_OUTPUT_FILE_0}\"\n";
			showEnvVarsInLog = 0;
		};
		9C8E3ADEDFF81B0ECF569C29 /* [CP] Embed Pods Frameworks */ = {
			isa = PBXShellScriptBuildPhase;
			buildActionMask = 2147483647;
			files = (
			);
			inputFileListPaths = (
				"${PODS_ROOT}/Target Support Files/Pods-ChatAppWithFirebase-ChatAppWithFirebaseUITests/Pods-ChatAppWithFirebase-ChatAppWithFirebaseUITests-frameworks-${CONFIGURATION}-input-files.xcfilelist",
			);
			name = "[CP] Embed Pods Frameworks";
			outputFileListPaths = (
				"${PODS_ROOT}/Target Support Files/Pods-ChatAppWithFirebase-ChatAppWithFirebaseUITests/Pods-ChatAppWithFirebase-ChatAppWithFirebaseUITests-frameworks-${CONFIGURATION}-output-files.xcfilelist",
			);
			runOnlyForDeploymentPostprocessing = 0;
			shellPath = /bin/sh;
			shellScript = "\"${PODS_ROOT}/Target Support Files/Pods-ChatAppWithFirebase-ChatAppWithFirebaseUITests/Pods-ChatAppWithFirebase-ChatAppWithFirebaseUITests-frameworks.sh\"\n";
			showEnvVarsInLog = 0;
		};
		A462D939E332D0A9C18A26E8 /* [CP] Embed Pods Frameworks */ = {
			isa = PBXShellScriptBuildPhase;
			buildActionMask = 2147483647;
			files = (
			);
			inputFileListPaths = (
				"${PODS_ROOT}/Target Support Files/Pods-ChatAppWithFirebase/Pods-ChatAppWithFirebase-frameworks-${CONFIGURATION}-input-files.xcfilelist",
			);
			name = "[CP] Embed Pods Frameworks";
			outputFileListPaths = (
				"${PODS_ROOT}/Target Support Files/Pods-ChatAppWithFirebase/Pods-ChatAppWithFirebase-frameworks-${CONFIGURATION}-output-files.xcfilelist",
			);
			runOnlyForDeploymentPostprocessing = 0;
			shellPath = /bin/sh;
			shellScript = "\"${PODS_ROOT}/Target Support Files/Pods-ChatAppWithFirebase/Pods-ChatAppWithFirebase-frameworks.sh\"\n";
			showEnvVarsInLog = 0;
		};
/* End PBXShellScriptBuildPhase section */

/* Begin PBXSourcesBuildPhase section */
		13CEAAB4250E565100E996DD /* Sources */ = {
			isa = PBXSourcesBuildPhase;
			buildActionMask = 2147483647;
			files = (
				13CEAABC250E565100E996DD /* AppDelegate.swift in Sources */,
				135B76052512959300D9E836 /* QuizanswerViewController.swift in Sources */,
				13CEAB04250F28D600E996DD /* ChatInputAccessoryView.swift in Sources */,
				13CEAB0A250FA96A00E996DD /* SignUpViewController.swift in Sources */,
				13CEAAF2250E7FE500E996DD /* UIColor-Extension.swift in Sources */,
				13CEAAF8250E842E00E996DD /* ChatRoomViewController.swift in Sources */,
				135B75FB2511FEF000D9E836 /* UserListViewController.swift in Sources */,
				1349A4A6251109B800C9CDA9 /* User.swift in Sources */,
				135B7609251295AA00D9E836 /* QuizRegisterViewController.swift in Sources */,
				13CEAAEE250E586C00E996DD /* ChatListViewController.swift in Sources */,
				13CEAAFC250EF80400E996DD /* ChatRoomTableViewCell.swift in Sources */,
				135B75FF2512745400D9E836 /* Message.swift in Sources */,
				13CEAABE250E565100E996DD /* SceneDelegate.swift in Sources */,
				135B75FD25124EB400D9E836 /* ChatRoom.swift in Sources */,
				135B760D2512A4C100D9E836 /* QuizMenuViewController.swift in Sources */,
			);
			runOnlyForDeploymentPostprocessing = 0;
		};
		13CEAACA250E565200E996DD /* Sources */ = {
			isa = PBXSourcesBuildPhase;
			buildActionMask = 2147483647;
			files = (
				13CEAAD3250E565200E996DD /* ChatAppWithFirebaseTests.swift in Sources */,
			);
			runOnlyForDeploymentPostprocessing = 0;
		};
		13CEAAD5250E565200E996DD /* Sources */ = {
			isa = PBXSourcesBuildPhase;
			buildActionMask = 2147483647;
			files = (
				13CEAADE250E565200E996DD /* ChatAppWithFirebaseUITests.swift in Sources */,
			);
			runOnlyForDeploymentPostprocessing = 0;
		};
/* End PBXSourcesBuildPhase section */

/* Begin PBXTargetDependency section */
		13CEAAD0250E565200E996DD /* PBXTargetDependency */ = {
			isa = PBXTargetDependency;
			target = 13CEAAB7250E565100E996DD /* ChatAppWithFirebase */;
			targetProxy = 13CEAACF250E565200E996DD /* PBXContainerItemProxy */;
		};
		13CEAADB250E565200E996DD /* PBXTargetDependency */ = {
			isa = PBXTargetDependency;
			target = 13CEAAB7250E565100E996DD /* ChatAppWithFirebase */;
			targetProxy = 13CEAADA250E565200E996DD /* PBXContainerItemProxy */;
		};
/* End PBXTargetDependency section */

/* Begin PBXVariantGroup section */
		13CEAAC6250E565200E996DD /* LaunchScreen.storyboard */ = {
			isa = PBXVariantGroup;
			children = (
				13CEAAC7250E565200E996DD /* Base */,
			);
			name = LaunchScreen.storyboard;
			sourceTree = "<group>";
		};
/* End PBXVariantGroup section */

/* Begin XCBuildConfiguration section */
		13CEAAE0250E565200E996DD /* Debug */ = {
			isa = XCBuildConfiguration;
			buildSettings = {
				ALWAYS_SEARCH_USER_PATHS = NO;
				CLANG_ANALYZER_NONNULL = YES;
				CLANG_ANALYZER_NUMBER_OBJECT_CONVERSION = YES_AGGRESSIVE;
				CLANG_CXX_LANGUAGE_STANDARD = "gnu++14";
				CLANG_CXX_LIBRARY = "libc++";
				CLANG_ENABLE_MODULES = YES;
				CLANG_ENABLE_OBJC_ARC = YES;
				CLANG_ENABLE_OBJC_WEAK = YES;
				CLANG_WARN_BLOCK_CAPTURE_AUTORELEASING = YES;
				CLANG_WARN_BOOL_CONVERSION = YES;
				CLANG_WARN_COMMA = YES;
				CLANG_WARN_CONSTANT_CONVERSION = YES;
				CLANG_WARN_DEPRECATED_OBJC_IMPLEMENTATIONS = YES;
				CLANG_WARN_DIRECT_OBJC_ISA_USAGE = YES_ERROR;
				CLANG_WARN_DOCUMENTATION_COMMENTS = YES;
				CLANG_WARN_EMPTY_BODY = YES;
				CLANG_WARN_ENUM_CONVERSION = YES;
				CLANG_WARN_INFINITE_RECURSION = YES;
				CLANG_WARN_INT_CONVERSION = YES;
				CLANG_WARN_NON_LITERAL_NULL_CONVERSION = YES;
				CLANG_WARN_OBJC_IMPLICIT_RETAIN_SELF = YES;
				CLANG_WARN_OBJC_LITERAL_CONVERSION = YES;
				CLANG_WARN_OBJC_ROOT_CLASS = YES_ERROR;
				CLANG_WARN_RANGE_LOOP_ANALYSIS = YES;
				CLANG_WARN_STRICT_PROTOTYPES = YES;
				CLANG_WARN_SUSPICIOUS_MOVE = YES;
				CLANG_WARN_UNGUARDED_AVAILABILITY = YES_AGGRESSIVE;
				CLANG_WARN_UNREACHABLE_CODE = YES;
				CLANG_WARN__DUPLICATE_METHOD_MATCH = YES;
				COPY_PHASE_STRIP = NO;
				DEBUG_INFORMATION_FORMAT = dwarf;
				ENABLE_STRICT_OBJC_MSGSEND = YES;
				ENABLE_TESTABILITY = YES;
				GCC_C_LANGUAGE_STANDARD = gnu11;
				GCC_DYNAMIC_NO_PIC = NO;
				GCC_NO_COMMON_BLOCKS = YES;
				GCC_OPTIMIZATION_LEVEL = 0;
				GCC_PREPROCESSOR_DEFINITIONS = (
					"DEBUG=1",
					"$(inherited)",
				);
				GCC_WARN_64_TO_32_BIT_CONVERSION = YES;
				GCC_WARN_ABOUT_RETURN_TYPE = YES_ERROR;
				GCC_WARN_UNDECLARED_SELECTOR = YES;
				GCC_WARN_UNINITIALIZED_AUTOS = YES_AGGRESSIVE;
				GCC_WARN_UNUSED_FUNCTION = YES;
				GCC_WARN_UNUSED_VARIABLE = YES;
				IPHONEOS_DEPLOYMENT_TARGET = 13.7;
				MTL_ENABLE_DEBUG_INFO = INCLUDE_SOURCE;
				MTL_FAST_MATH = YES;
				ONLY_ACTIVE_ARCH = YES;
				SDKROOT = iphoneos;
				SWIFT_ACTIVE_COMPILATION_CONDITIONS = DEBUG;
				SWIFT_OPTIMIZATION_LEVEL = "-Onone";
			};
			name = Debug;
		};
		13CEAAE1250E565200E996DD /* Release */ = {
			isa = XCBuildConfiguration;
			buildSettings = {
				ALWAYS_SEARCH_USER_PATHS = NO;
				CLANG_ANALYZER_NONNULL = YES;
				CLANG_ANALYZER_NUMBER_OBJECT_CONVERSION = YES_AGGRESSIVE;
				CLANG_CXX_LANGUAGE_STANDARD = "gnu++14";
				CLANG_CXX_LIBRARY = "libc++";
				CLANG_ENABLE_MODULES = YES;
				CLANG_ENABLE_OBJC_ARC = YES;
				CLANG_ENABLE_OBJC_WEAK = YES;
				CLANG_WARN_BLOCK_CAPTURE_AUTORELEASING = YES;
				CLANG_WARN_BOOL_CONVERSION = YES;
				CLANG_WARN_COMMA = YES;
				CLANG_WARN_CONSTANT_CONVERSION = YES;
				CLANG_WARN_DEPRECATED_OBJC_IMPLEMENTATIONS = YES;
				CLANG_WARN_DIRECT_OBJC_ISA_USAGE = YES_ERROR;
				CLANG_WARN_DOCUMENTATION_COMMENTS = YES;
				CLANG_WARN_EMPTY_BODY = YES;
				CLANG_WARN_ENUM_CONVERSION = YES;
				CLANG_WARN_INFINITE_RECURSION = YES;
				CLANG_WARN_INT_CONVERSION = YES;
				CLANG_WARN_NON_LITERAL_NULL_CONVERSION = YES;
				CLANG_WARN_OBJC_IMPLICIT_RETAIN_SELF = YES;
				CLANG_WARN_OBJC_LITERAL_CONVERSION = YES;
				CLANG_WARN_OBJC_ROOT_CLASS = YES_ERROR;
				CLANG_WARN_RANGE_LOOP_ANALYSIS = YES;
				CLANG_WARN_STRICT_PROTOTYPES = YES;
				CLANG_WARN_SUSPICIOUS_MOVE = YES;
				CLANG_WARN_UNGUARDED_AVAILABILITY = YES_AGGRESSIVE;
				CLANG_WARN_UNREACHABLE_CODE = YES;
				CLANG_WARN__DUPLICATE_METHOD_MATCH = YES;
				COPY_PHASE_STRIP = NO;
				DEBUG_INFORMATION_FORMAT = "dwarf-with-dsym";
				ENABLE_NS_ASSERTIONS = NO;
				ENABLE_STRICT_OBJC_MSGSEND = YES;
				GCC_C_LANGUAGE_STANDARD = gnu11;
				GCC_NO_COMMON_BLOCKS = YES;
				GCC_WARN_64_TO_32_BIT_CONVERSION = YES;
				GCC_WARN_ABOUT_RETURN_TYPE = YES_ERROR;
				GCC_WARN_UNDECLARED_SELECTOR = YES;
				GCC_WARN_UNINITIALIZED_AUTOS = YES_AGGRESSIVE;
				GCC_WARN_UNUSED_FUNCTION = YES;
				GCC_WARN_UNUSED_VARIABLE = YES;
				IPHONEOS_DEPLOYMENT_TARGET = 13.7;
				MTL_ENABLE_DEBUG_INFO = NO;
				MTL_FAST_MATH = YES;
				SDKROOT = iphoneos;
				SWIFT_COMPILATION_MODE = wholemodule;
				SWIFT_OPTIMIZATION_LEVEL = "-O";
				VALIDATE_PRODUCT = YES;
			};
			name = Release;
		};
		13CEAAE3250E565200E996DD /* Debug */ = {
			isa = XCBuildConfiguration;
			baseConfigurationReference = 6F817B0B461C7C1F174AD9F6 /* Pods-ChatAppWithFirebase.debug.xcconfig */;
			buildSettings = {
				ASSETCATALOG_COMPILER_APPICON_NAME = AppIcon;
				CODE_SIGN_STYLE = Automatic;
				INFOPLIST_FILE = ChatAppWithFirebase/Info.plist;
				LD_RUNPATH_SEARCH_PATHS = (
					"$(inherited)",
					"@executable_path/Frameworks",
				);
				PRODUCT_BUNDLE_IDENTIFIER = Kotaro.ChatAppWithFirebase;
				PRODUCT_NAME = "$(TARGET_NAME)";
				SWIFT_VERSION = 5.0;
				TARGETED_DEVICE_FAMILY = "1,2";
			};
			name = Debug;
		};
		13CEAAE4250E565200E996DD /* Release */ = {
			isa = XCBuildConfiguration;
			baseConfigurationReference = F178BDB5BCE574A30946B4DC /* Pods-ChatAppWithFirebase.release.xcconfig */;
			buildSettings = {
				ASSETCATALOG_COMPILER_APPICON_NAME = AppIcon;
				CODE_SIGN_STYLE = Automatic;
				INFOPLIST_FILE = ChatAppWithFirebase/Info.plist;
				LD_RUNPATH_SEARCH_PATHS = (
					"$(inherited)",
					"@executable_path/Frameworks",
				);
				PRODUCT_BUNDLE_IDENTIFIER = Kotaro.ChatAppWithFirebase;
				PRODUCT_NAME = "$(TARGET_NAME)";
				SWIFT_VERSION = 5.0;
				TARGETED_DEVICE_FAMILY = "1,2";
			};
			name = Release;
		};
		13CEAAE6250E565200E996DD /* Debug */ = {
			isa = XCBuildConfiguration;
			baseConfigurationReference = DED1E01336021C7CA9510936 /* Pods-ChatAppWithFirebaseTests.debug.xcconfig */;
			buildSettings = {
				ALWAYS_EMBED_SWIFT_STANDARD_LIBRARIES = YES;
				BUNDLE_LOADER = "$(TEST_HOST)";
				CODE_SIGN_STYLE = Automatic;
				INFOPLIST_FILE = ChatAppWithFirebaseTests/Info.plist;
				IPHONEOS_DEPLOYMENT_TARGET = 13.7;
				LD_RUNPATH_SEARCH_PATHS = (
					"$(inherited)",
					"@executable_path/Frameworks",
					"@loader_path/Frameworks",
				);
				PRODUCT_BUNDLE_IDENTIFIER = Kotaro.ChatAppWithFirebaseTests;
				PRODUCT_NAME = "$(TARGET_NAME)";
				SWIFT_VERSION = 5.0;
				TARGETED_DEVICE_FAMILY = "1,2";
				TEST_HOST = "$(BUILT_PRODUCTS_DIR)/ChatAppWithFirebase.app/ChatAppWithFirebase";
			};
			name = Debug;
		};
		13CEAAE7250E565200E996DD /* Release */ = {
			isa = XCBuildConfiguration;
			baseConfigurationReference = 1F681B1EECF3319EF3768CD7 /* Pods-ChatAppWithFirebaseTests.release.xcconfig */;
			buildSettings = {
				ALWAYS_EMBED_SWIFT_STANDARD_LIBRARIES = YES;
				BUNDLE_LOADER = "$(TEST_HOST)";
				CODE_SIGN_STYLE = Automatic;
				INFOPLIST_FILE = ChatAppWithFirebaseTests/Info.plist;
				IPHONEOS_DEPLOYMENT_TARGET = 13.7;
				LD_RUNPATH_SEARCH_PATHS = (
					"$(inherited)",
					"@executable_path/Frameworks",
					"@loader_path/Frameworks",
				);
				PRODUCT_BUNDLE_IDENTIFIER = Kotaro.ChatAppWithFirebaseTests;
				PRODUCT_NAME = "$(TARGET_NAME)";
				SWIFT_VERSION = 5.0;
				TARGETED_DEVICE_FAMILY = "1,2";
				TEST_HOST = "$(BUILT_PRODUCTS_DIR)/ChatAppWithFirebase.app/ChatAppWithFirebase";
			};
			name = Release;
		};
		13CEAAE9250E565200E996DD /* Debug */ = {
			isa = XCBuildConfiguration;
			baseConfigurationReference = A5DB30B9D58FCF8E2E6B30FC /* Pods-ChatAppWithFirebase-ChatAppWithFirebaseUITests.debug.xcconfig */;
			buildSettings = {
				ALWAYS_EMBED_SWIFT_STANDARD_LIBRARIES = YES;
				CODE_SIGN_STYLE = Automatic;
				INFOPLIST_FILE = ChatAppWithFirebaseUITests/Info.plist;
				LD_RUNPATH_SEARCH_PATHS = (
					"$(inherited)",
					"@executable_path/Frameworks",
					"@loader_path/Frameworks",
				);
				PRODUCT_BUNDLE_IDENTIFIER = Kotaro.ChatAppWithFirebaseUITests;
				PRODUCT_NAME = "$(TARGET_NAME)";
				SWIFT_VERSION = 5.0;
				TARGETED_DEVICE_FAMILY = "1,2";
				TEST_TARGET_NAME = ChatAppWithFirebase;
			};
			name = Debug;
		};
		13CEAAEA250E565200E996DD /* Release */ = {
			isa = XCBuildConfiguration;
			baseConfigurationReference = 0037723510116074F07102A0 /* Pods-ChatAppWithFirebase-ChatAppWithFirebaseUITests.release.xcconfig */;
			buildSettings = {
				ALWAYS_EMBED_SWIFT_STANDARD_LIBRARIES = YES;
				CODE_SIGN_STYLE = Automatic;
				INFOPLIST_FILE = ChatAppWithFirebaseUITests/Info.plist;
				LD_RUNPATH_SEARCH_PATHS = (
					"$(inherited)",
					"@executable_path/Frameworks",
					"@loader_path/Frameworks",
				);
				PRODUCT_BUNDLE_IDENTIFIER = Kotaro.ChatAppWithFirebaseUITests;
				PRODUCT_NAME = "$(TARGET_NAME)";
				SWIFT_VERSION = 5.0;
				TARGETED_DEVICE_FAMILY = "1,2";
				TEST_TARGET_NAME = ChatAppWithFirebase;
			};
			name = Release;
		};
/* End XCBuildConfiguration section */

/* Begin XCConfigurationList section */
		13CEAAB3250E565100E996DD /* Build configuration list for PBXProject "ChatAppWithFirebase" */ = {
			isa = XCConfigurationList;
			buildConfigurations = (
				13CEAAE0250E565200E996DD /* Debug */,
				13CEAAE1250E565200E996DD /* Release */,
			);
			defaultConfigurationIsVisible = 0;
			defaultConfigurationName = Release;
		};
		13CEAAE2250E565200E996DD /* Build configuration list for PBXNativeTarget "ChatAppWithFirebase" */ = {
			isa = XCConfigurationList;
			buildConfigurations = (
				13CEAAE3250E565200E996DD /* Debug */,
				13CEAAE4250E565200E996DD /* Release */,
			);
			defaultConfigurationIsVisible = 0;
			defaultConfigurationName = Release;
		};
		13CEAAE5250E565200E996DD /* Build configuration list for PBXNativeTarget "ChatAppWithFirebaseTests" */ = {
			isa = XCConfigurationList;
			buildConfigurations = (
				13CEAAE6250E565200E996DD /* Debug */,
				13CEAAE7250E565200E996DD /* Release */,
			);
			defaultConfigurationIsVisible = 0;
			defaultConfigurationName = Release;
		};
		13CEAAE8250E565200E996DD /* Build configuration list for PBXNativeTarget "ChatAppWithFirebaseUITests" */ = {
			isa = XCConfigurationList;
			buildConfigurations = (
				13CEAAE9250E565200E996DD /* Debug */,
				13CEAAEA250E565200E996DD /* Release */,
			);
			defaultConfigurationIsVisible = 0;
			defaultConfigurationName = Release;
		};
/* End XCConfigurationList section */
	};
	rootObject = 13CEAAB0250E565100E996DD /* Project object */;
}
